// !$*UTF8*$!
{
	archiveVersion = 1;
	classes = {
	};
	objectVersion = 46;
	objects = {

/* Begin PBXBuildFile section */
		5203E4751B53A3D100FB5611 /* main.m in Sources */ = {isa = PBXBuildFile; fileRef = 5203E4741B53A3D100FB5611 /* main.m */; };
		5203E4781B53A3D100FB5611 /* AppDelegate.m in Sources */ = {isa = PBXBuildFile; fileRef = 5203E4771B53A3D100FB5611 /* AppDelegate.m */; };
		5203E47B1B53A3D100FB5611 /* ViewController.mm in Sources */ = {isa = PBXBuildFile; fileRef = 5203E47A1B53A3D100FB5611 /* ViewController.mm */; };
		5203E47E1B53A3D100FB5611 /* Main.storyboard in Resources */ = {isa = PBXBuildFile; fileRef = 5203E47C1B53A3D100FB5611 /* Main.storyboard */; };
		5203E4801B53A3D100FB5611 /* Images.xcassets in Resources */ = {isa = PBXBuildFile; fileRef = 5203E47F1B53A3D100FB5611 /* Images.xcassets */; };
		5203E4831B53A3D100FB5611 /* LaunchScreen.xib in Resources */ = {isa = PBXBuildFile; fileRef = 5203E4811B53A3D100FB5611 /* LaunchScreen.xib */; };
		5203E48F1B53A3D100FB5611 /* Deblur_PhotoTests.m in Sources */ = {isa = PBXBuildFile; fileRef = 5203E48E1B53A3D100FB5611 /* Deblur_PhotoTests.m */; };
		5203E49A1B53A40100FB5611 /* opencv2.framework in Frameworks */ = {isa = PBXBuildFile; fileRef = 5203E4991B53A40100FB5611 /* opencv2.framework */; };
		5215299F1B5A6FCE00FF84DF /* STWienerFilter.mm in Sources */ = {isa = PBXBuildFile; fileRef = 5215299E1B5A6FCE00FF84DF /* STWienerFilter.mm */; };
		521529A31B5A708B00FF84DF /* STKernel.mm in Sources */ = {isa = PBXBuildFile; fileRef = 521529A21B5A708B00FF84DF /* STKernel.mm */; };
		521529A91B5A73EF00FF84DF /* STFocusBlurKernel.mm in Sources */ = {isa = PBXBuildFile; fileRef = 521529A81B5A73EF00FF84DF /* STFocusBlurKernel.mm */; };
		524CA6151B5F949000442F1F /* STWienerFilterOperation.mm in Sources */ = {isa = PBXBuildFile; fileRef = 524CA6141B5F949000442F1F /* STWienerFilterOperation.mm */; };
		524E365C1B592A230083A0A5 /* STOpenCVCommonFunctions.mm in Sources */ = {isa = PBXBuildFile; fileRef = 524E365B1B592A230083A0A5 /* STOpenCVCommonFunctions.mm */; };
		524E36621B592B360083A0A5 /* UIImage+OpenCV.mm in Sources */ = {isa = PBXBuildFile; fileRef = 524E36611B592B360083A0A5 /* UIImage+OpenCV.mm */; };
		525DCAE01B5930F5002E456F /* AVFoundation.framework in Frameworks */ = {isa = PBXBuildFile; fileRef = 525DCADF1B5930F5002E456F /* AVFoundation.framework */; };
		525DCAE21B593112002E456F /* CoreVideo.framework in Frameworks */ = {isa = PBXBuildFile; fileRef = 525DCAE11B593112002E456F /* CoreVideo.framework */; };
		525DCAE41B593116002E456F /* CoreMedia.framework in Frameworks */ = {isa = PBXBuildFile; fileRef = 525DCAE31B593116002E456F /* CoreMedia.framework */; };
		525DCAE61B59311A002E456F /* AssetsLibrary.framework in Frameworks */ = {isa = PBXBuildFile; fileRef = 525DCAE51B59311A002E456F /* AssetsLibrary.framework */; };
		52DDBEC31B5E734F00465761 /* STMotionBlurKernel.mm in Sources */ = {isa = PBXBuildFile; fileRef = 52DDBEC21B5E734F00465761 /* STMotionBlurKernel.mm */; };
		52DDBEC71B5E75A700465761 /* STMotionBlurParametersView.mm in Sources */ = {isa = PBXBuildFile; fileRef = 52DDBEC61B5E75A700465761 /* STMotionBlurParametersView.mm */; };
		52DDBEC91B5E75B000465761 /* STMotionBlurParametersView.xib in Resources */ = {isa = PBXBuildFile; fileRef = 52DDBEC81B5E75B000465761 /* STMotionBlurParametersView.xib */; };
		52F1BDAF1B5E612900F8364B /* STFocusBlurParametersView.mm in Sources */ = {isa = PBXBuildFile; fileRef = 52F1BDAE1B5E612900F8364B /* STFocusBlurParametersView.mm */; };
		52F1BDB11B5E615800F8364B /* STFocusBlurParametersView.xib in Resources */ = {isa = PBXBuildFile; fileRef = 52F1BDB01B5E615800F8364B /* STFocusBlurParametersView.xib */; };
		5FE528A857B2D1D96E97ED19 /* libPods.a in Frameworks */ = {isa = PBXBuildFile; fileRef = E95984DADA887CB6933CE155 /* libPods.a */; };
/* End PBXBuildFile section */

/* Begin PBXContainerItemProxy section */
		5203E4891B53A3D100FB5611 /* PBXContainerItemProxy */ = {
			isa = PBXContainerItemProxy;
			containerPortal = 5203E4671B53A3D100FB5611 /* Project object */;
			proxyType = 1;
			remoteGlobalIDString = 5203E46E1B53A3D100FB5611;
			remoteInfo = Deblur_Photo;
		};
/* End PBXContainerItemProxy section */

/* Begin PBXFileReference section */
		01CD10DED4470617BD1358D0 /* Pods.debug.xcconfig */ = {isa = PBXFileReference; includeInIndex = 1; lastKnownFileType = text.xcconfig; name = Pods.debug.xcconfig; path = "Pods/Target Support Files/Pods/Pods.debug.xcconfig"; sourceTree = "<group>"; };
		5203E46F1B53A3D100FB5611 /* Deblur_Photo.app */ = {isa = PBXFileReference; explicitFileType = wrapper.application; includeInIndex = 0; path = Deblur_Photo.app; sourceTree = BUILT_PRODUCTS_DIR; };
		5203E4731B53A3D100FB5611 /* Info.plist */ = {isa = PBXFileReference; lastKnownFileType = text.plist.xml; path = Info.plist; sourceTree = "<group>"; };
		5203E4741B53A3D100FB5611 /* main.m */ = {isa = PBXFileReference; lastKnownFileType = sourcecode.c.objc; path = main.m; sourceTree = "<group>"; };
		5203E4761B53A3D100FB5611 /* AppDelegate.h */ = {isa = PBXFileReference; lastKnownFileType = sourcecode.c.h; path = AppDelegate.h; sourceTree = "<group>"; };
		5203E4771B53A3D100FB5611 /* AppDelegate.m */ = {isa = PBXFileReference; lastKnownFileType = sourcecode.c.objc; path = AppDelegate.m; sourceTree = "<group>"; };
		5203E4791B53A3D100FB5611 /* ViewController.h */ = {isa = PBXFileReference; lastKnownFileType = sourcecode.c.h; path = ViewController.h; sourceTree = "<group>"; };
		5203E47A1B53A3D100FB5611 /* ViewController.mm */ = {isa = PBXFileReference; lastKnownFileType = sourcecode.cpp.objcpp; path = ViewController.mm; sourceTree = "<group>"; };
		5203E47D1B53A3D100FB5611 /* Base */ = {isa = PBXFileReference; lastKnownFileType = file.storyboard; name = Base; path = Base.lproj/Main.storyboard; sourceTree = "<group>"; };
		5203E47F1B53A3D100FB5611 /* Images.xcassets */ = {isa = PBXFileReference; lastKnownFileType = folder.assetcatalog; path = Images.xcassets; sourceTree = "<group>"; };
		5203E4821B53A3D100FB5611 /* Base */ = {isa = PBXFileReference; lastKnownFileType = file.xib; name = Base; path = Base.lproj/LaunchScreen.xib; sourceTree = "<group>"; };
		5203E4881B53A3D100FB5611 /* Deblur_PhotoTests.xctest */ = {isa = PBXFileReference; explicitFileType = wrapper.cfbundle; includeInIndex = 0; path = Deblur_PhotoTests.xctest; sourceTree = BUILT_PRODUCTS_DIR; };
		5203E48D1B53A3D100FB5611 /* Info.plist */ = {isa = PBXFileReference; lastKnownFileType = text.plist.xml; path = Info.plist; sourceTree = "<group>"; };
		5203E48E1B53A3D100FB5611 /* Deblur_PhotoTests.m */ = {isa = PBXFileReference; lastKnownFileType = sourcecode.c.objc; path = Deblur_PhotoTests.m; sourceTree = "<group>"; };
		5203E4991B53A40100FB5611 /* opencv2.framework */ = {isa = PBXFileReference; lastKnownFileType = wrapper.framework; path = opencv2.framework; sourceTree = "<group>"; };
		5215299D1B5A6FCE00FF84DF /* STWienerFilter.h */ = {isa = PBXFileReference; fileEncoding = 4; lastKnownFileType = sourcecode.c.h; path = STWienerFilter.h; sourceTree = "<group>"; };
		5215299E1B5A6FCE00FF84DF /* STWienerFilter.mm */ = {isa = PBXFileReference; fileEncoding = 4; lastKnownFileType = sourcecode.cpp.objcpp; path = STWienerFilter.mm; sourceTree = "<group>"; };
		521529A11B5A708B00FF84DF /* STKernel.h */ = {isa = PBXFileReference; fileEncoding = 4; lastKnownFileType = sourcecode.c.h; path = STKernel.h; sourceTree = "<group>"; };
		521529A21B5A708B00FF84DF /* STKernel.mm */ = {isa = PBXFileReference; fileEncoding = 4; lastKnownFileType = sourcecode.cpp.objcpp; path = STKernel.mm; sourceTree = "<group>"; };
		521529A71B5A73EF00FF84DF /* STFocusBlurKernel.h */ = {isa = PBXFileReference; fileEncoding = 4; lastKnownFileType = sourcecode.c.h; path = STFocusBlurKernel.h; sourceTree = "<group>"; };
		521529A81B5A73EF00FF84DF /* STFocusBlurKernel.mm */ = {isa = PBXFileReference; fileEncoding = 4; lastKnownFileType = sourcecode.cpp.objcpp; path = STFocusBlurKernel.mm; sourceTree = "<group>"; };
		524CA6131B5F949000442F1F /* STWienerFilterOperation.h */ = {isa = PBXFileReference; fileEncoding = 4; lastKnownFileType = sourcecode.c.h; path = STWienerFilterOperation.h; sourceTree = "<group>"; };
		524CA6141B5F949000442F1F /* STWienerFilterOperation.mm */ = {isa = PBXFileReference; fileEncoding = 4; lastKnownFileType = sourcecode.cpp.objcpp; path = STWienerFilterOperation.mm; sourceTree = "<group>"; };
		524E365A1B592A230083A0A5 /* STOpenCVCommonFunctions.h */ = {isa = PBXFileReference; fileEncoding = 4; lastKnownFileType = sourcecode.c.h; path = STOpenCVCommonFunctions.h; sourceTree = "<group>"; };
		524E365B1B592A230083A0A5 /* STOpenCVCommonFunctions.mm */ = {isa = PBXFileReference; fileEncoding = 4; lastKnownFileType = sourcecode.cpp.objcpp; path = STOpenCVCommonFunctions.mm; sourceTree = "<group>"; };
		524E36601B592B360083A0A5 /* UIImage+OpenCV.h */ = {isa = PBXFileReference; fileEncoding = 4; lastKnownFileType = sourcecode.c.h; path = "UIImage+OpenCV.h"; sourceTree = "<group>"; };
		524E36611B592B360083A0A5 /* UIImage+OpenCV.mm */ = {isa = PBXFileReference; fileEncoding = 4; lastKnownFileType = sourcecode.cpp.objcpp; path = "UIImage+OpenCV.mm"; sourceTree = "<group>"; };
		524E36641B592C010083A0A5 /* PrecompilePrefixHeader.pch */ = {isa = PBXFileReference; fileEncoding = 4; lastKnownFileType = sourcecode.c.h; path = PrecompilePrefixHeader.pch; sourceTree = "<group>"; };
		525DCADF1B5930F5002E456F /* AVFoundation.framework */ = {isa = PBXFileReference; lastKnownFileType = wrapper.framework; name = AVFoundation.framework; path = System/Library/Frameworks/AVFoundation.framework; sourceTree = SDKROOT; };
		525DCAE11B593112002E456F /* CoreVideo.framework */ = {isa = PBXFileReference; lastKnownFileType = wrapper.framework; name = CoreVideo.framework; path = System/Library/Frameworks/CoreVideo.framework; sourceTree = SDKROOT; };
		525DCAE31B593116002E456F /* CoreMedia.framework */ = {isa = PBXFileReference; lastKnownFileType = wrapper.framework; name = CoreMedia.framework; path = System/Library/Frameworks/CoreMedia.framework; sourceTree = SDKROOT; };
		525DCAE51B59311A002E456F /* AssetsLibrary.framework */ = {isa = PBXFileReference; lastKnownFileType = wrapper.framework; name = AssetsLibrary.framework; path = System/Library/Frameworks/AssetsLibrary.framework; sourceTree = SDKROOT; };
		52DDBEC11B5E734F00465761 /* STMotionBlurKernel.h */ = {isa = PBXFileReference; fileEncoding = 4; lastKnownFileType = sourcecode.c.h; path = STMotionBlurKernel.h; sourceTree = "<group>"; };
		52DDBEC21B5E734F00465761 /* STMotionBlurKernel.mm */ = {isa = PBXFileReference; fileEncoding = 4; lastKnownFileType = sourcecode.cpp.objcpp; path = STMotionBlurKernel.mm; sourceTree = "<group>"; };
		52DDBEC51B5E75A700465761 /* STMotionBlurParametersView.h */ = {isa = PBXFileReference; fileEncoding = 4; lastKnownFileType = sourcecode.c.h; path = STMotionBlurParametersView.h; sourceTree = "<group>"; };
		52DDBEC61B5E75A700465761 /* STMotionBlurParametersView.mm */ = {isa = PBXFileReference; fileEncoding = 4; lastKnownFileType = sourcecode.cpp.objcpp; path = STMotionBlurParametersView.mm; sourceTree = "<group>"; };
		52DDBEC81B5E75B000465761 /* STMotionBlurParametersView.xib */ = {isa = PBXFileReference; fileEncoding = 4; lastKnownFileType = file.xib; path = STMotionBlurParametersView.xib; sourceTree = "<group>"; };
		52F1BDAD1B5E612900F8364B /* STFocusBlurParametersView.h */ = {isa = PBXFileReference; fileEncoding = 4; lastKnownFileType = sourcecode.c.h; path = STFocusBlurParametersView.h; sourceTree = "<group>"; };
		52F1BDAE1B5E612900F8364B /* STFocusBlurParametersView.mm */ = {isa = PBXFileReference; fileEncoding = 4; lastKnownFileType = sourcecode.cpp.objcpp; path = STFocusBlurParametersView.mm; sourceTree = "<group>"; };
		52F1BDB01B5E615800F8364B /* STFocusBlurParametersView.xib */ = {isa = PBXFileReference; fileEncoding = 4; lastKnownFileType = file.xib; path = STFocusBlurParametersView.xib; sourceTree = "<group>"; };
		66BC7C58F13FA911D959F041 /* Pods.release.xcconfig */ = {isa = PBXFileReference; includeInIndex = 1; lastKnownFileType = text.xcconfig; name = Pods.release.xcconfig; path = "Pods/Target Support Files/Pods/Pods.release.xcconfig"; sourceTree = "<group>"; };
		E95984DADA887CB6933CE155 /* libPods.a */ = {isa = PBXFileReference; explicitFileType = archive.ar; includeInIndex = 0; path = libPods.a; sourceTree = BUILT_PRODUCTS_DIR; };
/* End PBXFileReference section */

/* Begin PBXFrameworksBuildPhase section */
		5203E46C1B53A3D100FB5611 /* Frameworks */ = {
			isa = PBXFrameworksBuildPhase;
			buildActionMask = 2147483647;
			files = (
				525DCAE61B59311A002E456F /* AssetsLibrary.framework in Frameworks */,
				525DCAE41B593116002E456F /* CoreMedia.framework in Frameworks */,
				525DCAE21B593112002E456F /* CoreVideo.framework in Frameworks */,
				525DCAE01B5930F5002E456F /* AVFoundation.framework in Frameworks */,
				5203E49A1B53A40100FB5611 /* opencv2.framework in Frameworks */,
				5FE528A857B2D1D96E97ED19 /* libPods.a in Frameworks */,
			);
			runOnlyForDeploymentPostprocessing = 0;
		};
		5203E4851B53A3D100FB5611 /* Frameworks */ = {
			isa = PBXFrameworksBuildPhase;
			buildActionMask = 2147483647;
			files = (
			);
			runOnlyForDeploymentPostprocessing = 0;
		};
/* End PBXFrameworksBuildPhase section */

/* Begin PBXGroup section */
		06151723FB480BB802050776 /* Pods */ = {
			isa = PBXGroup;
			children = (
				01CD10DED4470617BD1358D0 /* Pods.debug.xcconfig */,
				66BC7C58F13FA911D959F041 /* Pods.release.xcconfig */,
			);
			name = Pods;
			sourceTree = "<group>";
		};
		5203E4661B53A3D100FB5611 = {
			isa = PBXGroup;
			children = (
				5203E4711B53A3D100FB5611 /* Deblur_Photo */,
				5203E48B1B53A3D100FB5611 /* Deblur_PhotoTests */,
				5203E4701B53A3D100FB5611 /* Products */,
				06151723FB480BB802050776 /* Pods */,
				9B139AE53857A117F9C6E4AF /* Frameworks */,
			);
			sourceTree = "<group>";
		};
		5203E4701B53A3D100FB5611 /* Products */ = {
			isa = PBXGroup;
			children = (
				5203E46F1B53A3D100FB5611 /* Deblur_Photo.app */,
				5203E4881B53A3D100FB5611 /* Deblur_PhotoTests.xctest */,
			);
			name = Products;
			sourceTree = "<group>";
		};
		5203E4711B53A3D100FB5611 /* Deblur_Photo */ = {
			isa = PBXGroup;
			children = (
				5203E4761B53A3D100FB5611 /* AppDelegate.h */,
				5203E4771B53A3D100FB5611 /* AppDelegate.m */,
				524E36641B592C010083A0A5 /* PrecompilePrefixHeader.pch */,
				521529A01B5A6FE500FF84DF /* Models */,
				52F1BDAC1B5E610A00F8364B /* Views */,
				524E365D1B592B080083A0A5 /* Controllers */,
				524E365F1B592B200083A0A5 /* Categories */,
				524E365E1B592B150083A0A5 /* Other */,
				5203E47C1B53A3D100FB5611 /* Main.storyboard */,
				5203E47F1B53A3D100FB5611 /* Images.xcassets */,
				5203E4811B53A3D100FB5611 /* LaunchScreen.xib */,
				5203E4981B53A3F800FB5611 /* Libraries */,
				5203E4721B53A3D100FB5611 /* Supporting Files */,
			);
			path = Deblur_Photo;
			sourceTree = "<group>";
		};
		5203E4721B53A3D100FB5611 /* Supporting Files */ = {
			isa = PBXGroup;
			children = (
				5203E4731B53A3D100FB5611 /* Info.plist */,
				5203E4741B53A3D100FB5611 /* main.m */,
			);
			name = "Supporting Files";
			sourceTree = "<group>";
		};
		5203E48B1B53A3D100FB5611 /* Deblur_PhotoTests */ = {
			isa = PBXGroup;
			children = (
				5203E48E1B53A3D100FB5611 /* Deblur_PhotoTests.m */,
				5203E48C1B53A3D100FB5611 /* Supporting Files */,
			);
			path = Deblur_PhotoTests;
			sourceTree = "<group>";
		};
		5203E48C1B53A3D100FB5611 /* Supporting Files */ = {
			isa = PBXGroup;
			children = (
				5203E48D1B53A3D100FB5611 /* Info.plist */,
			);
			name = "Supporting Files";
			sourceTree = "<group>";
		};
		5203E4981B53A3F800FB5611 /* Libraries */ = {
			isa = PBXGroup;
			children = (
				5203E4991B53A40100FB5611 /* opencv2.framework */,
			);
			name = Libraries;
			sourceTree = "<group>";
		};
		521529A01B5A6FE500FF84DF /* Models */ = {
			isa = PBXGroup;
			children = (
				5215299D1B5A6FCE00FF84DF /* STWienerFilter.h */,
				5215299E1B5A6FCE00FF84DF /* STWienerFilter.mm */,
				524CA6131B5F949000442F1F /* STWienerFilterOperation.h */,
				524CA6141B5F949000442F1F /* STWienerFilterOperation.mm */,
				521529A11B5A708B00FF84DF /* STKernel.h */,
				521529A21B5A708B00FF84DF /* STKernel.mm */,
				521529A71B5A73EF00FF84DF /* STFocusBlurKernel.h */,
				521529A81B5A73EF00FF84DF /* STFocusBlurKernel.mm */,
				52DDBEC11B5E734F00465761 /* STMotionBlurKernel.h */,
				52DDBEC21B5E734F00465761 /* STMotionBlurKernel.mm */,
			);
			name = Models;
			sourceTree = "<group>";
		};
		524E365D1B592B080083A0A5 /* Controllers */ = {
			isa = PBXGroup;
			children = (
				5203E4791B53A3D100FB5611 /* ViewController.h */,
				5203E47A1B53A3D100FB5611 /* ViewController.mm */,
			);
			name = Controllers;
			sourceTree = "<group>";
		};
		524E365E1B592B150083A0A5 /* Other */ = {
			isa = PBXGroup;
			children = (
				524E365A1B592A230083A0A5 /* STOpenCVCommonFunctions.h */,
				524E365B1B592A230083A0A5 /* STOpenCVCommonFunctions.mm */,
			);
			name = Other;
			sourceTree = "<group>";
		};
		524E365F1B592B200083A0A5 /* Categories */ = {
			isa = PBXGroup;
			children = (
				524E36601B592B360083A0A5 /* UIImage+OpenCV.h */,
				524E36611B592B360083A0A5 /* UIImage+OpenCV.mm */,
			);
			name = Categories;
			sourceTree = "<group>";
		};
		52DDBEC01B5E71CE00465761 /* Focus Blur Parameters View */ = {
			isa = PBXGroup;
			children = (
				52F1BDAD1B5E612900F8364B /* STFocusBlurParametersView.h */,
				52F1BDAE1B5E612900F8364B /* STFocusBlurParametersView.mm */,
				52F1BDB01B5E615800F8364B /* STFocusBlurParametersView.xib */,
			);
			name = "Focus Blur Parameters View";
			sourceTree = "<group>";
		};
		52DDBEC41B5E747700465761 /* Motion Blur Parameters View */ = {
			isa = PBXGroup;
			children = (
				52DDBEC51B5E75A700465761 /* STMotionBlurParametersView.h */,
				52DDBEC61B5E75A700465761 /* STMotionBlurParametersView.mm */,
				52DDBEC81B5E75B000465761 /* STMotionBlurParametersView.xib */,
			);
			name = "Motion Blur Parameters View";
			sourceTree = "<group>";
		};
		52F1BDAC1B5E610A00F8364B /* Views */ = {
			isa = PBXGroup;
			children = (
				52DDBEC41B5E747700465761 /* Motion Blur Parameters View */,
				52DDBEC01B5E71CE00465761 /* Focus Blur Parameters View */,
			);
			name = Views;
			sourceTree = "<group>";
		};
		9B139AE53857A117F9C6E4AF /* Frameworks */ = {
			isa = PBXGroup;
			children = (
				525DCAE51B59311A002E456F /* AssetsLibrary.framework */,
				525DCAE31B593116002E456F /* CoreMedia.framework */,
				525DCAE11B593112002E456F /* CoreVideo.framework */,
				525DCADF1B5930F5002E456F /* AVFoundation.framework */,
				E95984DADA887CB6933CE155 /* libPods.a */,
			);
			name = Frameworks;
			sourceTree = "<group>";
		};
/* End PBXGroup section */

/* Begin PBXNativeTarget section */
		5203E46E1B53A3D100FB5611 /* Deblur_Photo */ = {
			isa = PBXNativeTarget;
			buildConfigurationList = 5203E4921B53A3D100FB5611 /* Build configuration list for PBXNativeTarget "Deblur_Photo" */;
			buildPhases = (
				4A952EA1D7C2B6676CA57370 /* Check Pods Manifest.lock */,
				5203E46B1B53A3D100FB5611 /* Sources */,
				5203E46C1B53A3D100FB5611 /* Frameworks */,
				5203E46D1B53A3D100FB5611 /* Resources */,
				341FD7150797F59398B2B422 /* Copy Pods Resources */,
			);
			buildRules = (
			);
			dependencies = (
			);
			name = Deblur_Photo;
			productName = Deblur_Photo;
			productReference = 5203E46F1B53A3D100FB5611 /* Deblur_Photo.app */;
			productType = "com.apple.product-type.application";
		};
		5203E4871B53A3D100FB5611 /* Deblur_PhotoTests */ = {
			isa = PBXNativeTarget;
			buildConfigurationList = 5203E4951B53A3D100FB5611 /* Build configuration list for PBXNativeTarget "Deblur_PhotoTests" */;
			buildPhases = (
				5203E4841B53A3D100FB5611 /* Sources */,
				5203E4851B53A3D100FB5611 /* Frameworks */,
				5203E4861B53A3D100FB5611 /* Resources */,
			);
			buildRules = (
			);
			dependencies = (
				5203E48A1B53A3D100FB5611 /* PBXTargetDependency */,
			);
			name = Deblur_PhotoTests;
			productName = Deblur_PhotoTests;
			productReference = 5203E4881B53A3D100FB5611 /* Deblur_PhotoTests.xctest */;
			productType = "com.apple.product-type.bundle.unit-test";
		};
/* End PBXNativeTarget section */

/* Begin PBXProject section */
		5203E4671B53A3D100FB5611 /* Project object */ = {
			isa = PBXProject;
			attributes = {
				LastUpgradeCheck = 0640;
				ORGANIZATIONNAME = brekhunchenko;
				TargetAttributes = {
					5203E46E1B53A3D100FB5611 = {
						CreatedOnToolsVersion = 6.4;
					};
					5203E4871B53A3D100FB5611 = {
						CreatedOnToolsVersion = 6.4;
						TestTargetID = 5203E46E1B53A3D100FB5611;
					};
				};
			};
			buildConfigurationList = 5203E46A1B53A3D100FB5611 /* Build configuration list for PBXProject "Deblur_Photo" */;
			compatibilityVersion = "Xcode 3.2";
			developmentRegion = English;
			hasScannedForEncodings = 0;
			knownRegions = (
				en,
				Base,
			);
			mainGroup = 5203E4661B53A3D100FB5611;
			productRefGroup = 5203E4701B53A3D100FB5611 /* Products */;
			projectDirPath = "";
			projectRoot = "";
			targets = (
				5203E46E1B53A3D100FB5611 /* Deblur_Photo */,
				5203E4871B53A3D100FB5611 /* Deblur_PhotoTests */,
			);
		};
/* End PBXProject section */

/* Begin PBXResourcesBuildPhase section */
		5203E46D1B53A3D100FB5611 /* Resources */ = {
			isa = PBXResourcesBuildPhase;
			buildActionMask = 2147483647;
			files = (
				5203E47E1B53A3D100FB5611 /* Main.storyboard in Resources */,
				52F1BDB11B5E615800F8364B /* STFocusBlurParametersView.xib in Resources */,
				5203E4831B53A3D100FB5611 /* LaunchScreen.xib in Resources */,
				5203E4801B53A3D100FB5611 /* Images.xcassets in Resources */,
				52DDBEC91B5E75B000465761 /* STMotionBlurParametersView.xib in Resources */,
			);
			runOnlyForDeploymentPostprocessing = 0;
		};
		5203E4861B53A3D100FB5611 /* Resources */ = {
			isa = PBXResourcesBuildPhase;
			buildActionMask = 2147483647;
			files = (
			);
			runOnlyForDeploymentPostprocessing = 0;
		};
/* End PBXResourcesBuildPhase section */

/* Begin PBXShellScriptBuildPhase section */
		341FD7150797F59398B2B422 /* Copy Pods Resources */ = {
			isa = PBXShellScriptBuildPhase;
			buildActionMask = 2147483647;
			files = (
			);
			inputPaths = (
			);
			name = "Copy Pods Resources";
			outputPaths = (
			);
			runOnlyForDeploymentPostprocessing = 0;
			shellPath = /bin/sh;
			shellScript = "\"${SRCROOT}/Pods/Target Support Files/Pods/Pods-resources.sh\"\n";
			showEnvVarsInLog = 0;
		};
		4A952EA1D7C2B6676CA57370 /* Check Pods Manifest.lock */ = {
			isa = PBXShellScriptBuildPhase;
			buildActionMask = 2147483647;
			files = (
			);
			inputPaths = (
			);
			name = "Check Pods Manifest.lock";
			outputPaths = (
			);
			runOnlyForDeploymentPostprocessing = 0;
			shellPath = /bin/sh;
			shellScript = "diff \"${PODS_ROOT}/../Podfile.lock\" \"${PODS_ROOT}/Manifest.lock\" > /dev/null\nif [[ $? != 0 ]] ; then\n    cat << EOM\nerror: The sandbox is not in sync with the Podfile.lock. Run 'pod install' or update your CocoaPods installation.\nEOM\n    exit 1\nfi\n";
			showEnvVarsInLog = 0;
		};
/* End PBXShellScriptBuildPhase section */

/* Begin PBXSourcesBuildPhase section */
		5203E46B1B53A3D100FB5611 /* Sources */ = {
			isa = PBXSourcesBuildPhase;
			buildActionMask = 2147483647;
			files = (
				524CA6151B5F949000442F1F /* STWienerFilterOperation.mm in Sources */,
				52DDBEC71B5E75A700465761 /* STMotionBlurParametersView.mm in Sources */,
				5203E47B1B53A3D100FB5611 /* ViewController.mm in Sources */,
				524E36621B592B360083A0A5 /* UIImage+OpenCV.mm in Sources */,
				5203E4781B53A3D100FB5611 /* AppDelegate.m in Sources */,
				521529A91B5A73EF00FF84DF /* STFocusBlurKernel.mm in Sources */,
				52DDBEC31B5E734F00465761 /* STMotionBlurKernel.mm in Sources */,
				521529A31B5A708B00FF84DF /* STKernel.mm in Sources */,
				5203E4751B53A3D100FB5611 /* main.m in Sources */,
				5215299F1B5A6FCE00FF84DF /* STWienerFilter.mm in Sources */,
				52F1BDAF1B5E612900F8364B /* STFocusBlurParametersView.mm in Sources */,
				524E365C1B592A230083A0A5 /* STOpenCVCommonFunctions.mm in Sources */,
			);
			runOnlyForDeploymentPostprocessing = 0;
		};
		5203E4841B53A3D100FB5611 /* Sources */ = {
			isa = PBXSourcesBuildPhase;
			buildActionMask = 2147483647;
			files = (
				5203E48F1B53A3D100FB5611 /* Deblur_PhotoTests.m in Sources */,
			);
			runOnlyForDeploymentPostprocessing = 0;
		};
/* End PBXSourcesBuildPhase section */

/* Begin PBXTargetDependency section */
		5203E48A1B53A3D100FB5611 /* PBXTargetDependency */ = {
			isa = PBXTargetDependency;
			target = 5203E46E1B53A3D100FB5611 /* Deblur_Photo */;
			targetProxy = 5203E4891B53A3D100FB5611 /* PBXContainerItemProxy */;
		};
/* End PBXTargetDependency section */

/* Begin PBXVariantGroup section */
		5203E47C1B53A3D100FB5611 /* Main.storyboard */ = {
			isa = PBXVariantGroup;
			children = (
				5203E47D1B53A3D100FB5611 /* Base */,
			);
			name = Main.storyboard;
			sourceTree = "<group>";
		};
		5203E4811B53A3D100FB5611 /* LaunchScreen.xib */ = {
			isa = PBXVariantGroup;
			children = (
				5203E4821B53A3D100FB5611 /* Base */,
			);
			name = LaunchScreen.xib;
			sourceTree = "<group>";
		};
/* End PBXVariantGroup section */

/* Begin XCBuildConfiguration section */
		5203E4901B53A3D100FB5611 /* Debug */ = {
			isa = XCBuildConfiguration;
			buildSettings = {
				ALWAYS_SEARCH_USER_PATHS = NO;
				CLANG_CXX_LANGUAGE_STANDARD = "gnu++0x";
				CLANG_CXX_LIBRARY = "libc++";
				CLANG_ENABLE_MODULES = YES;
				CLANG_ENABLE_OBJC_ARC = YES;
				CLANG_WARN_BOOL_CONVERSION = YES;
				CLANG_WARN_CONSTANT_CONVERSION = YES;
				CLANG_WARN_DIRECT_OBJC_ISA_USAGE = YES_ERROR;
				CLANG_WARN_EMPTY_BODY = YES;
				CLANG_WARN_ENUM_CONVERSION = YES;
				CLANG_WARN_INT_CONVERSION = YES;
				CLANG_WARN_OBJC_ROOT_CLASS = YES_ERROR;
				CLANG_WARN_UNREACHABLE_CODE = YES;
				CLANG_WARN__DUPLICATE_METHOD_MATCH = YES;
				"CODE_SIGN_IDENTITY[sdk=iphoneos*]" = "iPhone Developer";
				COPY_PHASE_STRIP = NO;
				DEBUG_INFORMATION_FORMAT = "dwarf-with-dsym";
				ENABLE_STRICT_OBJC_MSGSEND = YES;
				GCC_C_LANGUAGE_STANDARD = gnu99;
				GCC_DYNAMIC_NO_PIC = NO;
				GCC_NO_COMMON_BLOCKS = YES;
				GCC_OPTIMIZATION_LEVEL = 0;
				GCC_PREPROCESSOR_DEFINITIONS = (
					"DEBUG=1",
					"$(inherited)",
				);
				GCC_SYMBOLS_PRIVATE_EXTERN = NO;
				GCC_WARN_64_TO_32_BIT_CONVERSION = YES;
				GCC_WARN_ABOUT_RETURN_TYPE = YES_ERROR;
				GCC_WARN_UNDECLARED_SELECTOR = YES;
				GCC_WARN_UNINITIALIZED_AUTOS = YES_AGGRESSIVE;
				GCC_WARN_UNUSED_FUNCTION = YES;
				GCC_WARN_UNUSED_VARIABLE = YES;
				IPHONEOS_DEPLOYMENT_TARGET = 8.4;
				MTL_ENABLE_DEBUG_INFO = YES;
				ONLY_ACTIVE_ARCH = YES;
				SDKROOT = iphoneos;
				TARGETED_DEVICE_FAMILY = "1,2";
			};
			name = Debug;
		};
		5203E4911B53A3D100FB5611 /* Release */ = {
			isa = XCBuildConfiguration;
			buildSettings = {
				ALWAYS_SEARCH_USER_PATHS = NO;
				CLANG_CXX_LANGUAGE_STANDARD = "gnu++0x";
				CLANG_CXX_LIBRARY = "libc++";
				CLANG_ENABLE_MODULES = YES;
				CLANG_ENABLE_OBJC_ARC = YES;
				CLANG_WARN_BOOL_CONVERSION = YES;
				CLANG_WARN_CONSTANT_CONVERSION = YES;
				CLANG_WARN_DIRECT_OBJC_ISA_USAGE = YES_ERROR;
				CLANG_WARN_EMPTY_BODY = YES;
				CLANG_WARN_ENUM_CONVERSION = YES;
				CLANG_WARN_INT_CONVERSION = YES;
				CLANG_WARN_OBJC_ROOT_CLASS = YES_ERROR;
				CLANG_WARN_UNREACHABLE_CODE = YES;
				CLANG_WARN__DUPLICATE_METHOD_MATCH = YES;
				"CODE_SIGN_IDENTITY[sdk=iphoneos*]" = "iPhone Developer";
				COPY_PHASE_STRIP = NO;
				DEBUG_INFORMATION_FORMAT = "dwarf-with-dsym";
				ENABLE_NS_ASSERTIONS = NO;
				ENABLE_STRICT_OBJC_MSGSEND = YES;
				GCC_C_LANGUAGE_STANDARD = gnu99;
				GCC_NO_COMMON_BLOCKS = YES;
				GCC_WARN_64_TO_32_BIT_CONVERSION = YES;
				GCC_WARN_ABOUT_RETURN_TYPE = YES_ERROR;
				GCC_WARN_UNDECLARED_SELECTOR = YES;
				GCC_WARN_UNINITIALIZED_AUTOS = YES_AGGRESSIVE;
				GCC_WARN_UNUSED_FUNCTION = YES;
				GCC_WARN_UNUSED_VARIABLE = YES;
				IPHONEOS_DEPLOYMENT_TARGET = 8.4;
				MTL_ENABLE_DEBUG_INFO = NO;
				SDKROOT = iphoneos;
				TARGETED_DEVICE_FAMILY = "1,2";
				VALIDATE_PRODUCT = YES;
			};
			name = Release;
		};
		5203E4931B53A3D100FB5611 /* Debug */ = {
			isa = XCBuildConfiguration;
			baseConfigurationReference = 01CD10DED4470617BD1358D0 /* Pods.debug.xcconfig */;
			buildSettings = {
				ASSETCATALOG_COMPILER_APPICON_NAME = AppIcon;
				FRAMEWORK_SEARCH_PATHS = (
					"$(inherited)",
					"$(PROJECT_DIR)/Deblur_Photo",
				);
				GCC_PRECOMPILE_PREFIX_HEADER = YES;
				GCC_PREFIX_HEADER = "$(SRCROOT)/Deblur_Photo/PrecompilePrefixHeader.pch";
				INFOPLIST_FILE = Deblur_Photo/Info.plist;
				LD_RUNPATH_SEARCH_PATHS = "$(inherited) @executable_path/Frameworks";
				ONLY_ACTIVE_ARCH = NO;
				PRODUCT_NAME = "$(TARGET_NAME)";
				TARGETED_DEVICE_FAMILY = "1,2";
			};
			name = Debug;
		};
		5203E4941B53A3D100FB5611 /* Release */ = {
			isa = XCBuildConfiguration;
			baseConfigurationReference = 66BC7C58F13FA911D959F041 /* Pods.release.xcconfig */;
			buildSettings = {
				ASSETCATALOG_COMPILER_APPICON_NAME = AppIcon;
				FRAMEWORK_SEARCH_PATHS = (
					"$(inherited)",
					"$(PROJECT_DIR)/Deblur_Photo",
				);
				GCC_PRECOMPILE_PREFIX_HEADER = YES;
				GCC_PREFIX_HEADER = "$(SRCROOT)/Deblur_Photo/PrecompilePrefixHeader.pch";
				INFOPLIST_FILE = Deblur_Photo/Info.plist;
				LD_RUNPATH_SEARCH_PATHS = "$(inherited) @executable_path/Frameworks";
				PRODUCT_NAME = "$(TARGET_NAME)";
				TARGETED_DEVICE_FAMILY = "1,2";
			};
			name = Release;
		};
		5203E4961B53A3D100FB5611 /* Debug */ = {
			isa = XCBuildConfiguration;
			buildSettings = {
				BUNDLE_LOADER = "$(TEST_HOST)";
				FRAMEWORK_SEARCH_PATHS = (
					"$(SDKROOT)/Developer/Library/Frameworks",
					"$(inherited)",
				);
				GCC_PREPROCESSOR_DEFINITIONS = (
					"DEBUG=1",
					"$(inherited)",
				);
				INFOPLIST_FILE = Deblur_PhotoTests/Info.plist;
				LD_RUNPATH_SEARCH_PATHS = "$(inherited) @executable_path/Frameworks @loader_path/Frameworks";
				PRODUCT_NAME = "$(TARGET_NAME)";
				TEST_HOST = "$(BUILT_PRODUCTS_DIR)/Deblur_Photo.app/Deblur_Photo";
			};
			name = Debug;
		};
		5203E4971B53A3D100FB5611 /* Release */ = {
			isa = XCBuildConfiguration;
			buildSettings = {
				BUNDLE_LOADER = "$(TEST_HOST)";
				FRAMEWORK_SEARCH_PATHS = (
					"$(SDKROOT)/Developer/Library/Frameworks",
					"$(inherited)",
				);
				INFOPLIST_FILE = Deblur_PhotoTests/Info.plist;
				LD_RUNPATH_SEARCH_PATHS = "$(inherited) @executable_path/Frameworks @loader_path/Frameworks";
				PRODUCT_NAME = "$(TARGET_NAME)";
				TEST_HOST = "$(BUILT_PRODUCTS_DIR)/Deblur_Photo.app/Deblur_Photo";
			};
			name = Release;
		};
/* End XCBuildConfiguration section */

/* Begin XCConfigurationList section */
		5203E46A1B53A3D100FB5611 /* Build configuration list for PBXProject "Deblur_Photo" */ = {
			isa = XCConfigurationList;
			buildConfigurations = (
				5203E4901B53A3D100FB5611 /* Debug */,
				5203E4911B53A3D100FB5611 /* Release */,
			);
			defaultConfigurationIsVisible = 0;
			defaultConfigurationName = Release;
		};
		5203E4921B53A3D100FB5611 /* Build configuration list for PBXNativeTarget "Deblur_Photo" */ = {
			isa = XCConfigurationList;
			buildConfigurations = (
				5203E4931B53A3D100FB5611 /* Debug */,
				5203E4941B53A3D100FB5611 /* Release */,
			);
			defaultConfigurationIsVisible = 0;
			defaultConfigurationName = Release;
		};
		5203E4951B53A3D100FB5611 /* Build configuration list for PBXNativeTarget "Deblur_PhotoTests" */ = {
			isa = XCConfigurationList;
			buildConfigurations = (
				5203E4961B53A3D100FB5611 /* Debug */,
				5203E4971B53A3D100FB5611 /* Release */,
			);
			defaultConfigurationIsVisible = 0;
			defaultConfigurationName = Release;
		};
/* End XCConfigurationList section */
	};
	rootObject = 5203E4671B53A3D100FB5611 /* Project object */;
}
